
Microsoft Visual Studio Solution File, Format Version 12.00
# Visual Studio Version 17
VisualStudioVersion = 17.6.33829.357
MinimumVisualStudioVersion = 10.0.40219.1
Project("{FAE04EC0-301F-11D3-BF4B-00C04F79EFBC}") = "Calificaciones", "Calificaciones.csproj", "{39CC8170-BC4F-41A3-9C91-7ACDE2D9CF3F}"
EndProject
Global
	GlobalSection(SolutionConfigurationPlatforms) = preSolution
		Debug|Any CPU = Debug|Any CPU
		Release|Any CPU = Release|Any CPU
	EndGlobalSection
	GlobalSection(ProjectConfigurationPlatforms) = postSolution
		{39CC8170-BC4F-41A3-9C91-7ACDE2D9CF3F}.Debug|Any CPU.ActiveCfg = Debug|Any CPU
		{39CC8170-BC4F-41A3-9C91-7ACDE2D9CF3F}.Debug|Any CPU.Build.0 = Debug|Any CPU
		{39CC8170-BC4F-41A3-9C91-7ACDE2D9CF3F}.Release|Any CPU.ActiveCfg = Release|Any CPU
		{39CC8170-BC4F-41A3-9C91-7ACDE2D9CF3F}.Release|Any CPU.Build.0 = Release|Any CPU
	EndGlobalSection
	GlobalSection(SolutionProperties) = preSolution
		HideSolutionNode = FALSE
	EndGlobalSection
	GlobalSection(ExtensibilityGlobals) = postSolution
		SolutionGuid = {E3258374-B211-4758-A9FC-6C0423DCE117}
	EndGlobalSection
EndGlobal
